// !$*UTF8*$!
{
	archiveVersion = 1;
	classes = {
	};
	objectVersion = 50;
	objects = {

/* Begin PBXBuildFile section */
		181F0966246ECDD6006B1697 /* QuickSort.c in Sources */ = {isa = PBXBuildFile; fileRef = 181F0965246ECDD6006B1697 /* QuickSort.c */; };
		188817142474315A000EEC40 /* ValidPalindrome.c in Sources */ = {isa = PBXBuildFile; fileRef = 188817132474315A000EEC40 /* ValidPalindrome.c */; };
		1891E9AC2465C5BB00C771BA /* main.c in Sources */ = {isa = PBXBuildFile; fileRef = 1891E9AB2465C5BB00C771BA /* main.c */; };
		18A9796B247A541300853649 /* MergeTrees.c in Sources */ = {isa = PBXBuildFile; fileRef = 18A9796A247A541300853649 /* MergeTrees.c */; };
		18AF41B62469A9DA0025CED1 /* bubbleSort.c in Sources */ = {isa = PBXBuildFile; fileRef = 18AF41AD2469A9DA0025CED1 /* bubbleSort.c */; };
		18AF41B72469A9DA0025CED1 /* LargestNumber.c in Sources */ = {isa = PBXBuildFile; fileRef = 18AF41AE2469A9DA0025CED1 /* LargestNumber.c */; };
		18AF41B82469A9DA0025CED1 /* SelectionSort.c in Sources */ = {isa = PBXBuildFile; fileRef = 18AF41B22469A9DA0025CED1 /* SelectionSort.c */; };
		18AF41B92469A9DA0025CED1 /* Sum.c in Sources */ = {isa = PBXBuildFile; fileRef = 18AF41B42469A9DA0025CED1 /* Sum.c */; };
/* End PBXBuildFile section */

/* Begin PBXCopyFilesBuildPhase section */
		1891E9A62465C5BB00C771BA /* CopyFiles */ = {
			isa = PBXCopyFilesBuildPhase;
			buildActionMask = 2147483647;
			dstPath = /usr/share/man/man1/;
			dstSubfolderSpec = 0;
			files = (
			);
			runOnlyForDeploymentPostprocessing = 1;
		};
/* End PBXCopyFilesBuildPhase section */

/* Begin PBXFileReference section */
		181F0964246ECDD6006B1697 /* QuickSort.h */ = {isa = PBXFileReference; lastKnownFileType = sourcecode.c.h; path = QuickSort.h; sourceTree = "<group>"; };
		181F0965246ECDD6006B1697 /* QuickSort.c */ = {isa = PBXFileReference; lastKnownFileType = sourcecode.c.c; path = QuickSort.c; sourceTree = "<group>"; };
		188817122474315A000EEC40 /* ValidPalindrome.h */ = {isa = PBXFileReference; lastKnownFileType = sourcecode.c.h; path = ValidPalindrome.h; sourceTree = "<group>"; };
		188817132474315A000EEC40 /* ValidPalindrome.c */ = {isa = PBXFileReference; lastKnownFileType = sourcecode.c.c; path = ValidPalindrome.c; sourceTree = "<group>"; };
		1891E9A82465C5BB00C771BA /* AIgorithm */ = {isa = PBXFileReference; explicitFileType = "compiled.mach-o.executable"; includeInIndex = 0; path = AIgorithm; sourceTree = BUILT_PRODUCTS_DIR; };
		1891E9AB2465C5BB00C771BA /* main.c */ = {isa = PBXFileReference; lastKnownFileType = sourcecode.c.c; path = main.c; sourceTree = "<group>"; };
		18A97969247A541300853649 /* MergeTrees.h */ = {isa = PBXFileReference; lastKnownFileType = sourcecode.c.h; path = MergeTrees.h; sourceTree = "<group>"; };
		18A9796A247A541300853649 /* MergeTrees.c */ = {isa = PBXFileReference; lastKnownFileType = sourcecode.c.c; path = MergeTrees.c; sourceTree = "<group>"; };
		18AF41AD2469A9DA0025CED1 /* bubbleSort.c */ = {isa = PBXFileReference; fileEncoding = 4; lastKnownFileType = sourcecode.c.c; path = bubbleSort.c; sourceTree = "<group>"; };
		18AF41AE2469A9DA0025CED1 /* LargestNumber.c */ = {isa = PBXFileReference; fileEncoding = 4; lastKnownFileType = sourcecode.c.c; path = LargestNumber.c; sourceTree = "<group>"; };
		18AF41AF2469A9DA0025CED1 /* SelectionSort.h */ = {isa = PBXFileReference; fileEncoding = 4; lastKnownFileType = sourcecode.c.h; path = SelectionSort.h; sourceTree = "<group>"; };
		18AF41B02469A9DA0025CED1 /* LargestNumber.h */ = {isa = PBXFileReference; fileEncoding = 4; lastKnownFileType = sourcecode.c.h; path = LargestNumber.h; sourceTree = "<group>"; };
		18AF41B12469A9DA0025CED1 /* bubbleSort.h */ = {isa = PBXFileReference; fileEncoding = 4; lastKnownFileType = sourcecode.c.h; path = bubbleSort.h; sourceTree = "<group>"; };
		18AF41B22469A9DA0025CED1 /* SelectionSort.c */ = {isa = PBXFileReference; fileEncoding = 4; lastKnownFileType = sourcecode.c.c; path = SelectionSort.c; sourceTree = "<group>"; };
		18AF41B42469A9DA0025CED1 /* Sum.c */ = {isa = PBXFileReference; fileEncoding = 4; lastKnownFileType = sourcecode.c.c; path = Sum.c; sourceTree = "<group>"; };
		18AF41B52469A9DA0025CED1 /* Sum.h */ = {isa = PBXFileReference; fileEncoding = 4; lastKnownFileType = sourcecode.c.h; path = Sum.h; sourceTree = "<group>"; };
/* End PBXFileReference section */

/* Begin PBXFrameworksBuildPhase section */
		1891E9A52465C5BB00C771BA /* Frameworks */ = {
			isa = PBXFrameworksBuildPhase;
			buildActionMask = 2147483647;
			files = (
			);
			runOnlyForDeploymentPostprocessing = 0;
		};
/* End PBXFrameworksBuildPhase section */

/* Begin PBXGroup section */
		1888171124743143000EEC40 /* palindrome */ = {
			isa = PBXGroup;
			children = (
				188817122474315A000EEC40 /* ValidPalindrome.h */,
				188817132474315A000EEC40 /* ValidPalindrome.c */,
			);
			path = palindrome;
			sourceTree = "<group>";
		};
		1891E99F2465C5BB00C771BA = {
			isa = PBXGroup;
			children = (
				1891E9AA2465C5BB00C771BA /* AIgorithm */,
				1891E9A92465C5BB00C771BA /* Products */,
			);
			sourceTree = "<group>";
		};
		1891E9A92465C5BB00C771BA /* Products */ = {
			isa = PBXGroup;
			children = (
				1891E9A82465C5BB00C771BA /* AIgorithm */,
			);
			name = Products;
			sourceTree = "<group>";
		};
		1891E9AA2465C5BB00C771BA /* AIgorithm */ = {
			isa = PBXGroup;
			children = (
				18A97968247A53EF00853649 /* tree */,
				1888171124743143000EEC40 /* palindrome */,
				18AF41AC2469A9DA0025CED1 /* sort */,
				18AF41B32469A9DA0025CED1 /* sum */,
				1891E9AB2465C5BB00C771BA /* main.c */,
			);
			path = AIgorithm;
			sourceTree = "<group>";
		};
		18A97968247A53EF00853649 /* tree */ = {
			isa = PBXGroup;
			children = (
				18A97969247A541300853649 /* MergeTrees.h */,
				18A9796A247A541300853649 /* MergeTrees.c */,
			);
			path = tree;
			sourceTree = "<group>";
		};
		18AF41AC2469A9DA0025CED1 /* sort */ = {
			isa = PBXGroup;
			children = (
				18AF41AD2469A9DA0025CED1 /* bubbleSort.c */,
				18AF41B12469A9DA0025CED1 /* bubbleSort.h */,
				18AF41AE2469A9DA0025CED1 /* LargestNumber.c */,
				18AF41B02469A9DA0025CED1 /* LargestNumber.h */,
				18AF41B22469A9DA0025CED1 /* SelectionSort.c */,
				18AF41AF2469A9DA0025CED1 /* SelectionSort.h */,
				181F0964246ECDD6006B1697 /* QuickSort.h */,
				181F0965246ECDD6006B1697 /* QuickSort.c */,
			);
			path = sort;
			sourceTree = "<group>";
		};
		18AF41B32469A9DA0025CED1 /* sum */ = {
			isa = PBXGroup;
			children = (
				18AF41B42469A9DA0025CED1 /* Sum.c */,
				18AF41B52469A9DA0025CED1 /* Sum.h */,
			);
			path = sum;
			sourceTree = "<group>";
		};
/* End PBXGroup section */

/* Begin PBXNativeTarget section */
		1891E9A72465C5BB00C771BA /* AIgorithm */ = {
			isa = PBXNativeTarget;
			buildConfigurationList = 1891E9AF2465C5BB00C771BA /* Build configuration list for PBXNativeTarget "AIgorithm" */;
			buildPhases = (
				1891E9A42465C5BB00C771BA /* Sources */,
				1891E9A52465C5BB00C771BA /* Frameworks */,
				1891E9A62465C5BB00C771BA /* CopyFiles */,
			);
			buildRules = (
			);
			dependencies = (
			);
			name = AIgorithm;
			productName = AIgorithm;
			productReference = 1891E9A82465C5BB00C771BA /* AIgorithm */;
			productType = "com.apple.product-type.tool";
		};
/* End PBXNativeTarget section */

/* Begin PBXProject section */
		1891E9A02465C5BB00C771BA /* Project object */ = {
			isa = PBXProject;
			attributes = {
				LastUpgradeCheck = 1140;
				ORGANIZATIONNAME = walker;
				TargetAttributes = {
					1891E9A72465C5BB00C771BA = {
						CreatedOnToolsVersion = 11.4.1;
					};
				};
			};
			buildConfigurationList = 1891E9A32465C5BB00C771BA /* Build configuration list for PBXProject "AIgorithm" */;
			compatibilityVersion = "Xcode 9.3";
			developmentRegion = en;
			hasScannedForEncodings = 0;
			knownRegions = (
				en,
				Base,
			);
			mainGroup = 1891E99F2465C5BB00C771BA;
			productRefGroup = 1891E9A92465C5BB00C771BA /* Products */;
			projectDirPath = "";
			projectRoot = "";
			targets = (
				1891E9A72465C5BB00C771BA /* AIgorithm */,
			);
		};
/* End PBXProject section */

/* Begin PBXSourcesBuildPhase section */
		1891E9A42465C5BB00C771BA /* Sources */ = {
			isa = PBXSourcesBuildPhase;
			buildActionMask = 2147483647;
			files = (
				18A9796B247A541300853649 /* MergeTrees.c in Sources */,
				18AF41B72469A9DA0025CED1 /* LargestNumber.c in Sources */,
				188817142474315A000EEC40 /* ValidPalindrome.c in Sources */,
				181F0966246ECDD6006B1697 /* QuickSort.c in Sources */,
				1891E9AC2465C5BB00C771BA /* main.c in Sources */,
				18AF41B82469A9DA0025CED1 /* SelectionSort.c in Sources */,
				18AF41B92469A9DA0025CED1 /* Sum.c in Sources */,
				18AF41B62469A9DA0025CED1 /* bubbleSort.c in Sources */,
			);
			runOnlyForDeploymentPostprocessing = 0;
		};
/* End PBXSourcesBuildPhase section */

/* Begin XCBuildConfiguration section */
		1891E9AD2465C5BB00C771BA /* Debug */ = {
			isa = XCBuildConfiguration;
			buildSettings = {
				ALWAYS_SEARCH_USER_PATHS = NO;
				CLANG_ANALYZER_NONNULL = YES;
				CLANG_ANALYZER_NUMBER_OBJECT_CONVERSION = YES_AGGRESSIVE;
				CLANG_CXX_LANGUAGE_STANDARD = "gnu++14";
				CLANG_CXX_LIBRARY = "libc++";
				CLANG_ENABLE_MODULES = YES;
				CLANG_ENABLE_OBJC_ARC = YES;
				CLANG_ENABLE_OBJC_WEAK = YES;
				CLANG_WARN_BLOCK_CAPTURE_AUTORELEASING = YES;
				CLANG_WARN_BOOL_CONVERSION = YES;
				CLANG_WARN_COMMA = YES;
				CLANG_WARN_CONSTANT_CONVERSION = YES;
				CLANG_WARN_DEPRECATED_OBJC_IMPLEMENTATIONS = YES;
				CLANG_WARN_DIRECT_OBJC_ISA_USAGE = YES_ERROR;
				CLANG_WARN_DOCUMENTATION_COMMENTS = YES;
				CLANG_WARN_EMPTY_BODY = YES;
				CLANG_WARN_ENUM_CONVERSION = YES;
				CLANG_WARN_INFINITE_RECURSION = YES;
				CLANG_WARN_INT_CONVERSION = YES;
				CLANG_WARN_NON_LITERAL_NULL_CONVERSION = YES;
				CLANG_WARN_OBJC_IMPLICIT_RETAIN_SELF = YES;
				CLANG_WARN_OBJC_LITERAL_CONVERSION = YES;
				CLANG_WARN_OBJC_ROOT_CLASS = YES_ERROR;
				CLANG_WARN_RANGE_LOOP_ANALYSIS = YES;
				CLANG_WARN_STRICT_PROTOTYPES = YES;
				CLANG_WARN_SUSPICIOUS_MOVE = YES;
				CLANG_WARN_UNGUARDED_AVAILABILITY = YES_AGGRESSIVE;
				CLANG_WARN_UNREACHABLE_CODE = YES;
				CLANG_WARN__DUPLICATE_METHOD_MATCH = YES;
				COPY_PHASE_STRIP = NO;
				DEBUG_INFORMATION_FORMAT = dwarf;
				ENABLE_STRICT_OBJC_MSGSEND = YES;
				ENABLE_TESTABILITY = YES;
				GCC_C_LANGUAGE_STANDARD = gnu11;
				GCC_DYNAMIC_NO_PIC = NO;
				GCC_NO_COMMON_BLOCKS = YES;
				GCC_OPTIMIZATION_LEVEL = 0;
				GCC_PREPROCESSOR_DEFINITIONS = (
					"DEBUG=1",
					"$(inherited)",
				);
				GCC_WARN_64_TO_32_BIT_CONVERSION = YES;
				GCC_WARN_ABOUT_RETURN_TYPE = YES_ERROR;
				GCC_WARN_UNDECLARED_SELECTOR = YES;
				GCC_WARN_UNINITIALIZED_AUTOS = YES_AGGRESSIVE;
				GCC_WARN_UNUSED_FUNCTION = YES;
				GCC_WARN_UNUSED_VARIABLE = YES;
				MACOSX_DEPLOYMENT_TARGET = 10.15;
				MTL_ENABLE_DEBUG_INFO = INCLUDE_SOURCE;
				MTL_FAST_MATH = YES;
				ONLY_ACTIVE_ARCH = YES;
				SDKROOT = macosx;
			};
			name = Debug;
		};
		1891E9AE2465C5BB00C771BA /* Release */ = {
			isa = XCBuildConfiguration;
			buildSettings = {
				ALWAYS_SEARCH_USER_PATHS = NO;
				CLANG_ANALYZER_NONNULL = YES;
				CLANG_ANALYZER_NUMBER_OBJECT_CONVERSION = YES_AGGRESSIVE;
				CLANG_CXX_LANGUAGE_STANDARD = "gnu++14";
				CLANG_CXX_LIBRARY = "libc++";
				CLANG_ENABLE_MODULES = YES;
				CLANG_ENABLE_OBJC_ARC = YES;
				CLANG_ENABLE_OBJC_WEAK = YES;
				CLANG_WARN_BLOCK_CAPTURE_AUTORELEASING = YES;
				CLANG_WARN_BOOL_CONVERSION = YES;
				CLANG_WARN_COMMA = YES;
				CLANG_WARN_CONSTANT_CONVERSION = YES;
				CLANG_WARN_DEPRECATED_OBJC_IMPLEMENTATIONS = YES;
				CLANG_WARN_DIRECT_OBJC_ISA_USAGE = YES_ERROR;
				CLANG_WARN_DOCUMENTATION_COMMENTS = YES;
				CLANG_WARN_EMPTY_BODY = YES;
				CLANG_WARN_ENUM_CONVERSION = YES;
				CLANG_WARN_INFINITE_RECURSION = YES;
				CLANG_WARN_INT_CONVERSION = YES;
				CLANG_WARN_NON_LITERAL_NULL_CONVERSION = YES;
				CLANG_WARN_OBJC_IMPLICIT_RETAIN_SELF = YES;
				CLANG_WARN_OBJC_LITERAL_CONVERSION = YES;
				CLANG_WARN_OBJC_ROOT_CLASS = YES_ERROR;
				CLANG_WARN_RANGE_LOOP_ANALYSIS = YES;
				CLANG_WARN_STRICT_PROTOTYPES = YES;
				CLANG_WARN_SUSPICIOUS_MOVE = YES;
				CLANG_WARN_UNGUARDED_AVAILABILITY = YES_AGGRESSIVE;
				CLANG_WARN_UNREACHABLE_CODE = YES;
				CLANG_WARN__DUPLICATE_METHOD_MATCH = YES;
				COPY_PHASE_STRIP = NO;
				DEBUG_INFORMATION_FORMAT = "dwarf-with-dsym";
				ENABLE_NS_ASSERTIONS = NO;
				ENABLE_STRICT_OBJC_MSGSEND = YES;
				GCC_C_LANGUAGE_STANDARD = gnu11;
				GCC_NO_COMMON_BLOCKS = YES;
				GCC_WARN_64_TO_32_BIT_CONVERSION = YES;
				GCC_WARN_ABOUT_RETURN_TYPE = YES_ERROR;
				GCC_WARN_UNDECLARED_SELECTOR = YES;
				GCC_WARN_UNINITIALIZED_AUTOS = YES_AGGRESSIVE;
				GCC_WARN_UNUSED_FUNCTION = YES;
				GCC_WARN_UNUSED_VARIABLE = YES;
				MACOSX_DEPLOYMENT_TARGET = 10.15;
				MTL_ENABLE_DEBUG_INFO = NO;
				MTL_FAST_MATH = YES;
				SDKROOT = macosx;
			};
			name = Release;
		};
		1891E9B02465C5BB00C771BA /* Debug */ = {
			isa = XCBuildConfiguration;
			buildSettings = {
				CODE_SIGN_STYLE = Automatic;
				PRODUCT_NAME = "$(TARGET_NAME)";
			};
			name = Debug;
		};
		1891E9B12465C5BB00C771BA /* Release */ = {
			isa = XCBuildConfiguration;
			buildSettings = {
				CODE_SIGN_STYLE = Automatic;
				PRODUCT_NAME = "$(TARGET_NAME)";
			};
			name = Release;
		};
/* End XCBuildConfiguration section */

/* Begin XCConfigurationList section */
		1891E9A32465C5BB00C771BA /* Build configuration list for PBXProject "AIgorithm" */ = {
			isa = XCConfigurationList;
			buildConfigurations = (
				1891E9AD2465C5BB00C771BA /* Debug */,
				1891E9AE2465C5BB00C771BA /* Release */,
			);
			defaultConfigurationIsVisible = 0;
			defaultConfigurationName = Release;
		};
		1891E9AF2465C5BB00C771BA /* Build configuration list for PBXNativeTarget "AIgorithm" */ = {
			isa = XCConfigurationList;
			buildConfigurations = (
				1891E9B02465C5BB00C771BA /* Debug */,
				1891E9B12465C5BB00C771BA /* Release */,
			);
			defaultConfigurationIsVisible = 0;
			defaultConfigurationName = Release;
		};
/* End XCConfigurationList section */
	};
	rootObject = 1891E9A02465C5BB00C771BA /* Project object */;
}
